{
    "_meta": {
        "hash": {
            "sha256": "664d7a79de8ab931f13022898a17b0c30b70a6abe87c0299027a12e3176488c8"
        },
        "pipfile-spec": 6,
        "requires": {
            "python_version": "3.7"
        },
        "sources": [
            {
                "name": "pypi",
                "url": "https://pypi.org/simple",
                "verify_ssl": true
            }
        ]
    },
    "default": {
        "arrow": {
            "hashes": [
                "sha256:e098abbd9af3665aea81bdd6c869e93af4feb078e98468dd351c383af187aac5",
                "sha256:ff08d10cda1d36c68657d6ad20d74fbea493d980f8b2d45344e00d6ed2bf6ed4"
            ],
            "index": "pypi",
            "version": "==0.17.0"
        },
        "certifi": {
            "hashes": [
                "sha256:2bbf76fd432960138b3ef6dda3dde0544f27cbf8546c458e60baf371917ba9ee",
                "sha256:50b1e4f8446b06f41be7dd6338db18e0990601dce795c2b1686458aa7e8fa7d8"
            ],
            "version": "==2021.5.30"
        },
        "charset-normalizer": {
            "hashes": [
                "sha256:0c8911edd15d19223366a194a513099a302055a962bca2cec0f54b8b63175d8b",
                "sha256:f23667ebe1084be45f6ae0538e4a5a865206544097e4e8bbcacf42cd02a348f3"
            ],
            "markers": "python_version >= '3'",
            "version": "==2.0.4"
        },
        "configargparse": {
            "hashes": [
                "sha256:edd17be986d5c1ba2e307150b8e5f5107aba125f3574dddd02c85d5cdcfd37dc"
            ],
            "index": "pypi",
            "version": "==1.2.3"
        },
        "cycler": {
            "hashes": [
                "sha256:1d8a5ae1ff6c5cf9b93e8811e581232ad8920aeec647c37316ceac982b08cb2d",
                "sha256:cd7b2d1018258d7247a71425e9f26463dfb444d411c39569972f4ce586b0c9d8"
            ],
            "version": "==0.10.0"
        },
        "idna": {
            "hashes": [
                "sha256:14475042e284991034cb48e06f6851428fb14c4dc953acd9be9a5e95c7b6dd7a",
                "sha256:467fbad99067910785144ce333826c71fb0e63a425657295239737f7ecd125f3"
            ],
            "markers": "python_version >= '3'",
            "version": "==3.2"
        },
        "kiwisolver": {
            "hashes": [
                "sha256:0007840186bacfaa0aba4466d5890334ea5938e0bb7e28078a0eb0e63b5b59d5",
                "sha256:19554bd8d54cf41139f376753af1a644b63c9ca93f8f72009d50a2080f870f77",
                "sha256:1d45d1c74f88b9f41062716c727f78f2a59a5476ecbe74956fafb423c5c87a76",
                "sha256:1d819553730d3c2724582124aee8a03c846ec4362ded1034c16fb3ef309264e6",
                "sha256:2210f28778c7d2ee13f3c2a20a3a22db889e75f4ec13a21072eabb5693801e84",
                "sha256:22521219ca739654a296eea6d4367703558fba16f98688bd8ce65abff36eaa84",
                "sha256:25405f88a37c5f5bcba01c6e350086d65e7465fd1caaf986333d2a045045a223",
                "sha256:2b65bd35f3e06a47b5c30ea99e0c2b88f72c6476eedaf8cfbc8e66adb5479dcf",
                "sha256:2ddb500a2808c100e72c075cbb00bf32e62763c82b6a882d403f01a119e3f402",
                "sha256:2f8f6c8f4f1cff93ca5058d6ec5f0efda922ecb3f4c5fb76181f327decff98b8",
                "sha256:30fa008c172355c7768159983a7270cb23838c4d7db73d6c0f6b60dde0d432c6",
                "sha256:3dbb3cea20b4af4f49f84cffaf45dd5f88e8594d18568e0225e6ad9dec0e7967",
                "sha256:4116ba9a58109ed5e4cb315bdcbff9838f3159d099ba5259c7c7fb77f8537492",
                "sha256:44e6adf67577dbdfa2d9f06db9fbc5639afefdb5bf2b4dfec25c3a7fbc619536",
                "sha256:5326ddfacbe51abf9469fe668944bc2e399181a2158cb5d45e1d40856b2a0589",
                "sha256:70adc3658138bc77a36ce769f5f183169bc0a2906a4f61f09673f7181255ac9b",
                "sha256:72be6ebb4e92520b9726d7146bc9c9b277513a57a38efcf66db0620aec0097e0",
                "sha256:7843b1624d6ccca403a610d1277f7c28ad184c5aa88a1750c1a999754e65b439",
                "sha256:7ba5a1041480c6e0a8b11a9544d53562abc2d19220bfa14133e0cdd9967e97af",
                "sha256:80efd202108c3a4150e042b269f7c78643420cc232a0a771743bb96b742f838f",
                "sha256:82f49c5a79d3839bc8f38cb5f4bfc87e15f04cbafa5fbd12fb32c941cb529cfb",
                "sha256:83d2c9db5dfc537d0171e32de160461230eb14663299b7e6d18ca6dca21e4977",
                "sha256:8d93a1095f83e908fc253f2fb569c2711414c0bfd451cab580466465b235b470",
                "sha256:8dc3d842fa41a33fe83d9f5c66c0cc1f28756530cd89944b63b072281e852031",
                "sha256:9661a04ca3c950a8ac8c47f53cbc0b530bce1b52f516a1e87b7736fec24bfff0",
                "sha256:a498bcd005e8a3fedd0022bb30ee0ad92728154a8798b703f394484452550507",
                "sha256:a7a4cf5bbdc861987a7745aed7a536c6405256853c94abc9f3287c3fa401b174",
                "sha256:b5074fb09429f2b7bc82b6fb4be8645dcbac14e592128beeff5461dcde0af09f",
                "sha256:b6a5431940f28b6de123de42f0eb47b84a073ee3c3345dc109ad550a3307dd28",
                "sha256:ba677bcaff9429fd1bf01648ad0901cea56c0d068df383d5f5856d88221fe75b",
                "sha256:bcadb05c3d4794eb9eee1dddf1c24215c92fb7b55a80beae7a60530a91060560",
                "sha256:bf7eb45d14fc036514c09554bf983f2a72323254912ed0c3c8e697b62c4c158f",
                "sha256:c358721aebd40c243894298f685a19eb0491a5c3e0b923b9f887ef1193ddf829",
                "sha256:c4550a359c5157aaf8507e6820d98682872b9100ce7607f8aa070b4b8af6c298",
                "sha256:c6572c2dab23c86a14e82c245473d45b4c515314f1f859e92608dcafbd2f19b8",
                "sha256:cba430db673c29376135e695c6e2501c44c256a81495da849e85d1793ee975ad",
                "sha256:dedc71c8eb9c5096037766390172c34fb86ef048b8e8958b4e484b9e505d66bc",
                "sha256:e6f5eb2f53fac7d408a45fbcdeda7224b1cfff64919d0f95473420a931347ae9",
                "sha256:ec2eba188c1906b05b9b49ae55aae4efd8150c61ba450e6721f64620c50b59eb",
                "sha256:ee040a7de8d295dbd261ef2d6d3192f13e2b08ec4a954de34a6fb8ff6422e24c",
                "sha256:eedd3b59190885d1ebdf6c5e0ca56828beb1949b4dfe6e5d0256a461429ac386",
                "sha256:f441422bb313ab25de7b3dbfd388e790eceb76ce01a18199ec4944b369017009",
                "sha256:f8eb7b6716f5b50e9c06207a14172cf2de201e41912ebe732846c02c830455b9",
                "sha256:fc4453705b81d03568d5b808ad8f09c77c47534f6ac2e72e733f9ca4714aa75c"
            ],
            "markers": "python_version >= '3.7'",
            "version": "==1.3.2"
        },
        "loguru": {
            "hashes": [
                "sha256:b28e72ac7a98be3d28ad28570299a393dfcd32e5e3f6a353dec94675767b6319",
                "sha256:f8087ac396b5ee5f67c963b495d615ebbceac2796379599820e324419d53667c"
            ],
            "index": "pypi",
            "version": "==0.5.3"
        },
        "matplotlib": {
            "hashes": [
                "sha256:1de0bb6cbfe460725f0e97b88daa8643bcf9571c18ba90bb8e41432aaeca91d6",
                "sha256:1e850163579a8936eede29fad41e202b25923a0a8d5ffd08ce50fc0a97dcdc93",
                "sha256:215e2a30a2090221a9481db58b770ce56b8ef46f13224ae33afe221b14b24dc1",
                "sha256:348e6032f666ffd151b323342f9278b16b95d4a75dfacae84a11d2829a7816ae",
                "sha256:3d2eb9c1cc254d0ffa90bc96fde4b6005d09c2228f99dfd493a4219c1af99644",
                "sha256:3e477db76c22929e4c6876c44f88d790aacdf3c3f8f3a90cb1975c0bf37825b0",
                "sha256:451cc89cb33d6652c509fc6b588dc51c41d7246afdcc29b8624e256b7663ed1f",
                "sha256:46b1a60a04e6d884f0250d5cc8dc7bd21a9a96c584a7acdaab44698a44710bab",
                "sha256:5f571b92a536206f7958f7cb2d367ff6c9a1fa8229dc35020006e4cdd1ca0acd",
                "sha256:672960dd114e342b7c610bf32fb99d14227f29919894388b41553217457ba7ef",
                "sha256:7310e353a4a35477c7f032409966920197d7df3e757c7624fd842f3eeb307d3d",
                "sha256:746a1df55749629e26af7f977ea426817ca9370ad1569436608dc48d1069b87c",
                "sha256:7c155437ae4fd366e2700e2716564d1787700687443de46bcb895fe0f84b761d",
                "sha256:9265ae0fb35e29f9b8cc86c2ab0a2e3dcddc4dd9de4b85bf26c0f63fe5c1c2ca",
                "sha256:94bdd1d55c20e764d8aea9d471d2ae7a7b2c84445e0fa463f02e20f9730783e1",
                "sha256:9a79e5dd7bb797aa611048f5b70588b23c5be05b63eefd8a0d152ac77c4243db",
                "sha256:a17f0a10604fac7627ec82820439e7db611722e80c408a726cd00d8c974c2fb3",
                "sha256:a1acb72f095f1d58ecc2538ed1b8bca0b57df313b13db36ed34b8cdf1868e674",
                "sha256:aa49571d8030ad0b9ac39708ee77bd2a22f87815e12bdee52ecaffece9313ed8",
                "sha256:c24c05f645aef776e8b8931cb81e0f1632d229b42b6d216e30836e2e145a2b40",
                "sha256:cf3a7e54eff792f0815dbbe9b85df2f13d739289c93d346925554f71d484be78",
                "sha256:d738acfdfb65da34c91acbdb56abed46803db39af259b7f194dc96920360dbe4",
                "sha256:e15fa23d844d54e7b3b7243afd53b7567ee71c721f592deb0727ee85e668f96a",
                "sha256:ed4a9e6dcacba56b17a0a9ac22ae2c72a35b7f0ef0693aa68574f0b2df607a89",
                "sha256:f44149a0ef5b4991aaef12a93b8e8d66d6412e762745fea1faa61d98524e0ba9"
            ],
            "index": "pypi",
            "version": "==3.3.4"
        },
        "numpy": {
            "hashes": [
                "sha256:032be656d89bbf786d743fee11d01ef318b0781281241997558fa7950028dd29",
                "sha256:104f5e90b143dbf298361a99ac1af4cf59131218a045ebf4ee5990b83cff5fab",
                "sha256:125a0e10ddd99a874fd357bfa1b636cd58deb78ba4a30b5ddb09f645c3512e04",
                "sha256:12e4ba5c6420917571f1a5becc9338abbde71dd811ce40b37ba62dec7b39af6d",
                "sha256:13adf545732bb23a796914fe5f891a12bd74cf3d2986eed7b7eba2941eea1590",
                "sha256:2d7e27442599104ee08f4faed56bb87c55f8b10a5494ac2ead5c98a4b289e61f",
                "sha256:3bc63486a870294683980d76ec1e3efc786295ae00128f9ea38e2c6e74d5a60a",
                "sha256:3d3087e24e354c18fb35c454026af3ed8997cfd4997765266897c68d724e4845",
                "sha256:4ed8e96dc146e12c1c5cdd6fb9fd0757f2ba66048bf94c5126b7efebd12d0090",
                "sha256:60759ab15c94dd0e1ed88241fd4fa3312db4e91d2c8f5a2d4cf3863fad83d65b",
                "sha256:65410c7f4398a0047eea5cca9b74009ea61178efd78d1be9847fac1d6716ec1e",
                "sha256:66b467adfcf628f66ea4ac6430ded0614f5cc06ba530d09571ea404789064adc",
                "sha256:7199109fa46277be503393be9250b983f325880766f847885607d9b13848f257",
                "sha256:72251e43ac426ff98ea802a931922c79b8d7596480300eb9f1b1e45e0543571e",
                "sha256:89e5336f2bec0c726ac7e7cdae181b325a9c0ee24e604704ed830d241c5e47ff",
                "sha256:89f937b13b8dd17b0099c7c2e22066883c86ca1575a975f754babc8fbf8d69a9",
                "sha256:9c94cab5054bad82a70b2e77741271790304651d584e2cdfe2041488e753863b",
                "sha256:9eb551d122fadca7774b97db8a112b77231dcccda8e91a5bc99e79890797175e",
                "sha256:a1d7995d1023335e67fb070b2fae6f5968f5be3802b15ad6d79d81ecaa014fe0",
                "sha256:ae61f02b84a0211abb56462a3b6cd1e7ec39d466d3160eb4e1da8bf6717cdbeb",
                "sha256:b9410c0b6fed4a22554f072a86c361e417f0258838957b78bd063bde2c7f841f",
                "sha256:c26287dfc888cf1e65181f39ea75e11f42ffc4f4529e5bd19add57ad458996e2",
                "sha256:c91ec9569facd4757ade0888371eced2ecf49e7982ce5634cc2cf4e7331a4b14",
                "sha256:ecb5b74c702358cdc21268ff4c37f7466357871f53a30e6f84c686952bef16a9"
            ],
            "index": "pypi",
            "version": "==1.20.1"
        },
        "opencv-python": {
            "hashes": [
                "sha256:30edebc81b260bcfeb760b3600c367c5261dfb2fe41e5d1408d5357d0867b40d",
                "sha256:32dee1c9fd3e31e28edef7b56f868e2b40e280b7062304f9fb8a14dbc51547d5",
                "sha256:4982fa8ccc38310a2bd93e06334ba090b12b6aff2f6fcb8ff9613e3c9bc48f48",
                "sha256:5172cb37dfd8a0b4945b071a493eb36e5f17675a160637fa380f9c1d9d80535c",
                "sha256:6d8434a45e8f75c4da5fd0068ce001f4f8e35771cc851d746d4721eeaf517e25",
                "sha256:78a6db8467639383caedf1d111da3510a4ee1a0aacf2117821cae2ee8f92ce37",
                "sha256:9646875c501788b1b098f282d777b667d6da69801739504f1b2fd1268970d1da",
                "sha256:9c77d508e6822f1f40c727d21b822d017622d8305dce7eccf0ab06caac16d5c6",
                "sha256:a1dfa0486db367594510c0c799ec7481247dc86e651b69008806d875ab731471",
                "sha256:b2b9ac86aec5f2dd531545cebdea1a1ef4f81ef1fb1760d78b4725f9575504f9",
                "sha256:bcb27773cfd5340b2b599b303d9f5499838ef4780c20c038f6030175408c64df",
                "sha256:c0503bfaa2b7b743d6ff5d81f1dd8428dbf4c33e7e4f836456d11be20c2e7721",
                "sha256:c1159d91f29a85c3333edef6ca420284566d9bcdae46dda2fe7282515b48c8b6",
                "sha256:c4ea4f8b217f3e8be6247fc0787fb81797d85202c722523f41070124a7a621c7",
                "sha256:c8cc1f5ff3c352ebe756119014c4e4ec7ae5ac536d1f66b0316667ced37637c8",
                "sha256:d16144c435b816c5536d5ff012c1a2b7e93155017db7103942ff7efb98c4df1f",
                "sha256:d8aefcb30b71064dbbaa2b0ace161a36464c29375a83998fbda39a1d1740f942",
                "sha256:e27d062fa1098d90f48b6c047351c89816492a08906a021c973ce510b04a7b9d",
                "sha256:e2c17714da59d9d516ceef0450766ff9557ee232d62f702665af905193557582",
                "sha256:e38fbd7b2db03204ec09930609b7313d6b6d2b271c8fe2c0aa271fa69b726a1b",
                "sha256:e77d0feaff37326f62b127098264e2a7099deb476e38432b1083ce11cdedf560",
                "sha256:ebe83901971a6755512424c4fe9f63341cca501b7c497bf608dd38ee31ba3f4c",
                "sha256:efac9893d9e21cfb599828801c755ecde8f1e657f05ec6f002efe19422456d5a",
                "sha256:fc1472b825d26c8a4f1cfb172a90c3cc47733e4af7522276c1c2efe8f6006a8b",
                "sha256:ffc75c614b8dc3d8102f3ba15dafd6ec0400c7ffa71a91953d41511964ee50e0"
            ],
            "index": "pypi",
            "version": "==4.5.1.48"
        },
        "pandas": {
            "hashes": [
                "sha256:0cd5776be891331a3e6b425b5abeab9596abea18435c5982191356f9b24ae731",
                "sha256:1099e2a0cd3a01ec62cca183fc1555833a2d43764950ef8cb5948c8abfc51014",
                "sha256:132def05e73d292c949b02e7ef873debb77acc44a8b119d215921046f0c3a91d",
                "sha256:1738154049062156429a5cf2fd79a69c9f3fa4f231346a7ec6fd156cd1a9a621",
                "sha256:34ced9ce5d5b17b556486da7256961b55b471d64a8990b56e67a84ebeb259416",
                "sha256:53b17e4debba26b7446b1e4795c19f94f0c715e288e08145e44bdd2865e819b3",
                "sha256:59a78d7066d1c921a77e3306aa0ebf6e55396c097d5dfcc4df8defe3dcecb735",
                "sha256:66a95361b81b4ba04b699ecd2416b0591f40cd1e24c60a8bfe0d19009cfa575a",
                "sha256:69e1b2f5811f46827722fd641fdaeedb26002bd1e504eacc7a8ec36bdc25393e",
                "sha256:7996d311413379136baf0f3cf2a10e331697657c87ced3f17ac7c77f77fe34a3",
                "sha256:89f40e5d21814192802421df809f948247d39ffe171e45fe2ab4abf7bd4279d8",
                "sha256:9cce01f6d655b4add966fcd36c32c5d1fe84628e200626b3f5e2f40db2d16a0f",
                "sha256:a56246de744baf646d1f3e050c4653d632bc9cd2e0605f41051fea59980e880a",
                "sha256:ba7ceb8abc6dbdb1e34612d1173d61e4941f1a1eb7e6f703b2633134ae6a6c89",
                "sha256:c9e8e0ce5284ebebe110efd652c164ed6eab77f5de4c3533abc756302ee77765",
                "sha256:cbcb84d63867af3411fa063af3de64902665bb5b3d40b25b2059e40603594e87",
                "sha256:f07a9745ca075ae73a5ce116f5e58f691c0dc9de0bff163527858459df5c176f",
                "sha256:fa54dc1d3e5d004a09ab0b1751473698011ddf03e14f1f59b84ad9a6ac630975",
                "sha256:fcb71b1935249de80e3a808227189eee381d4d74a31760ced2df21eedc92a8e3"
            ],
            "markers": "python_full_version >= '3.7.1'",
            "version": "==1.3.2"
        },
        "pillow": {
            "hashes": [
                "sha256:0412516dcc9de9b0a1e0ae25a280015809de8270f134cc2c1e32c4eeb397cf30",
                "sha256:04835e68ef12904bc3e1fd002b33eea0779320d4346082bd5b24bec12ad9c3e9",
                "sha256:06d1adaa284696785375fa80a6a8eb309be722cf4ef8949518beb34487a3df71",
                "sha256:085a90a99404b859a4b6c3daa42afde17cb3ad3115e44a75f0d7b4a32f06a6c9",
                "sha256:0b9911ec70731711c3b6ebcde26caea620cbdd9dcb73c67b0730c8817f24711b",
                "sha256:10e00f7336780ca7d3653cf3ac26f068fa11b5a96894ea29a64d3dc4b810d630",
                "sha256:11c27e74bab423eb3c9232d97553111cc0be81b74b47165f07ebfdd29d825875",
                "sha256:11eb7f98165d56042545c9e6db3ce394ed8b45089a67124298f0473b29cb60b2",
                "sha256:13654b521fb98abdecec105ea3fb5ba863d1548c9b58831dd5105bb3873569f1",
                "sha256:15ccb81a6ffc57ea0137f9f3ac2737ffa1d11f786244d719639df17476d399a7",
                "sha256:18a07a683805d32826c09acfce44a90bf474e6a66ce482b1c7fcd3757d588df3",
                "sha256:19ec4cfe4b961edc249b0e04b5618666c23a83bc35842dea2bfd5dfa0157f81b",
                "sha256:1c3ff00110835bdda2b1e2b07f4a2548a39744bb7de5946dc8e95517c4fb2ca6",
                "sha256:27a330bf7014ee034046db43ccbb05c766aa9e70b8d6c5260bfc38d73103b0ba",
                "sha256:2b11c9d310a3522b0fd3c35667914271f570576a0e387701f370eb39d45f08a4",
                "sha256:2c661542c6f71dfd9dc82d9d29a8386287e82813b0375b3a02983feac69ef864",
                "sha256:2cde7a4d3687f21cffdf5bb171172070bb95e02af448c4c8b2f223d783214056",
                "sha256:2d5e9dc0bf1b5d9048a94c48d0813b6c96fccfa4ccf276d9c36308840f40c228",
                "sha256:2f23b2d3079522fdf3c09de6517f625f7a964f916c956527bed805ac043799b8",
                "sha256:35d27687f027ad25a8d0ef45dd5208ef044c588003cdcedf05afb00dbc5c2deb",
                "sha256:35d409030bf3bd05fa66fb5fdedc39c521b397f61ad04309c90444e893d05f7d",
                "sha256:4326ea1e2722f3dc00ed77c36d3b5354b8fb7399fb59230249ea6d59cbed90da",
                "sha256:4abc247b31a98f29e5224f2d31ef15f86a71f79c7f4d2ac345a5d551d6393073",
                "sha256:4d89a2e9219a526401015153c0e9dd48319ea6ab9fe3b066a20aa9aee23d9fd3",
                "sha256:4e59e99fd680e2b8b11bbd463f3c9450ab799305d5f2bafb74fefba6ac058616",
                "sha256:548794f99ff52a73a156771a0402f5e1c35285bd981046a502d7e4793e8facaa",
                "sha256:56fd98c8294f57636084f4b076b75f86c57b2a63a8410c0cd172bc93695ee979",
                "sha256:59697568a0455764a094585b2551fd76bfd6b959c9f92d4bdec9d0e14616303a",
                "sha256:6bff50ba9891be0a004ef48828e012babaaf7da204d81ab9be37480b9020a82b",
                "sha256:6cb3dd7f23b044b0737317f892d399f9e2f0b3a02b22b2c692851fb8120d82c6",
                "sha256:7dbfbc0020aa1d9bc1b0b8bcf255a7d73f4ad0336f8fd2533fcc54a4ccfb9441",
                "sha256:838eb85de6d9307c19c655c726f8d13b8b646f144ca6b3771fa62b711ebf7624",
                "sha256:8b68f565a4175e12e68ca900af8910e8fe48aaa48fd3ca853494f384e11c8bcd",
                "sha256:8f284dc1695caf71a74f24993b7c7473d77bc760be45f776a2c2f4e04c170550",
                "sha256:963ebdc5365d748185fdb06daf2ac758116deecb2277ec5ae98139f93844bc09",
                "sha256:a048dad5ed6ad1fad338c02c609b862dfaa921fcd065d747194a6805f91f2196",
                "sha256:a1bd983c565f92779be456ece2479840ec39d386007cd4ae83382646293d681b",
                "sha256:a66566f8a22561fc1a88dc87606c69b84fa9ce724f99522cf922c801ec68f5c1",
                "sha256:bcb04ff12e79b28be6c9988f275e7ab69f01cc2ba319fb3114f87817bb7c74b6",
                "sha256:bd24054aaf21e70a51e2a2a5ed1183560d3a69e6f9594a4bfe360a46f94eba83",
                "sha256:be25cb93442c6d2f8702c599b51184bd3ccd83adebd08886b682173e09ef0c3f",
                "sha256:c691b26283c3a31594683217d746f1dad59a7ae1d4cfc24626d7a064a11197d4",
                "sha256:cc9d0dec711c914ed500f1d0d3822868760954dce98dfb0b7382a854aee55d19",
                "sha256:ce2e5e04bb86da6187f96d7bab3f93a7877830981b37f0287dd6479e27a10341",
                "sha256:ce651ca46d0202c302a535d3047c55a0131a720cf554a578fc1b8a2aff0e7d96",
                "sha256:d0c8ebbfd439c37624db98f3877d9ed12c137cadd99dde2d2eae0dab0bbfc355",
                "sha256:d675a876b295afa114ca8bf42d7f86b5fb1298e1b6bb9a24405a3f6c8338811c",
                "sha256:dde3f3ed8d00c72631bc19cbfff8ad3b6215062a5eed402381ad365f82f0c18c",
                "sha256:e5a31c07cea5edbaeb4bdba6f2b87db7d3dc0f446f379d907e51cc70ea375629",
                "sha256:f514c2717012859ccb349c97862568fdc0479aad85b0270d6b5a6509dbc142e2",
                "sha256:fc0db32f7223b094964e71729c0361f93db43664dd1ec86d3df217853cedda87",
                "sha256:fd4fd83aa912d7b89b4b4a1580d30e2a4242f3936882a3f433586e5ab97ed0d5",
                "sha256:feb5db446e96bfecfec078b943cc07744cc759893cef045aa8b8b6d6aaa8274e"
            ],
            "index": "pypi",
            "version": "==8.3.2"
        },
        "pyparsing": {
            "hashes": [
                "sha256:10f1886e70da7b76ca1b4cf9bbd60f708ef037892496d5cb7c77ab2982412b2d",
                "sha256:e96a96967098a5221a78bf94d72930cd1cfaf0ab88dae2ea6bfc2b8b8ccb1930"
            ],
            "markers": "python_version >= '3.5'",
            "version": "==3.0.0b3"
        },
        "python-dateutil": {
            "hashes": [
                "sha256:0123cacc1627ae19ddf3c27a5de5bd67ee4586fbdd6440d9748f8abb483d3e86",
                "sha256:961d03dc3453ebbc59dbdea9e4e11c5651520a876d0f4db161e8674aae935da9"
            ],
            "markers": "python_version >= '2.7' and python_version not in '3.0, 3.1, 3.2, 3.3'",
            "version": "==2.8.2"
        },
        "python-resize-image": {
            "hashes": [
                "sha256:2aea25e9811fd44d4cb8fef82059ace114f6cc72bbef059f69b0b7f79f55e03e",
                "sha256:72e5b266efac4d417cd594438a1b9e337cabdc817464c0a652cf309e4384444f"
            ],
            "index": "pypi",
            "version": "==1.1.19"
        },
        "pytz": {
            "hashes": [
                "sha256:83a4a90894bf38e243cf052c8b58f381bfe9a7a483f6a9cab140bc7f702ac4da",
                "sha256:eb10ce3e7736052ed3623d49975ce333bcd712c7bb19a58b9e2089d4057d0798"
            ],
            "version": "==2021.1"
        },
        "requests": {
            "hashes": [
                "sha256:6c1246513ecd5ecd4528a0906f910e8f0f9c6b8ec72030dc9fd154dc1a6efd24",
                "sha256:b8aa58f8cf793ffd8782d3d8cb19e66ef36f7aba4353eec859e74678b01b07a7"
            ],
            "markers": "python_version >= '2.7' and python_version not in '3.0, 3.1, 3.2, 3.3, 3.4, 3.5'",
            "version": "==2.26.0"
        },
        "scipy": {
            "hashes": [
                "sha256:2a0eeaab01258e0870c4022a6cd329aef3b7c6c2b606bd7cf7bb2ba9820ae561",
                "sha256:3304bd5bc32e00954ac4b3f4cc382ca8824719bf348aacbec6347337d6b125fe",
                "sha256:3f52470e0548cdb74fb8ddf06773ffdcca7c97550f903b1c51312ec19243a7f7",
                "sha256:4729b41a4cdaf4cd011aeac816b532f990bdf97710cef59149d3e293115cf467",
                "sha256:4ee952f39a4a4c7ba775a32b664b1f4b74818548b65f765987adc14bb78f5802",
                "sha256:611f9cb459d0707dd8e4de0c96f86e93f61aac7475fcb225e9ec71fecdc5cebf",
                "sha256:6b47d5fa7ea651054362561a28b1ccc8da9368a39514c1bbf6c0977a1c376764",
                "sha256:71cfc96297617eab911e22216e8a8597703202e95636d9406df9af5c2ac99a2b",
                "sha256:787749110a23502031fb1643c55a2236c99c6b989cca703ea2114d65e21728ef",
                "sha256:90c07ba5f34f33299a428b0d4fa24c30d2ceba44d63f8385b2b05be460819fcb",
                "sha256:a496b42dbcd04ea9924f5e92be63af3d8e0f43a274b769bfaca0a297327d54ee",
                "sha256:bc61e3e5ff92d2f32bb263621d54a9cff5e3f7c420af3d1fa122ce2529de2bd9",
                "sha256:c9951e3746b68974125e5e3445008a4163dd6d20ae0bbdae22b38cb8951dc11b",
                "sha256:d1388fbac9dd591ea630da75c455f4cc637a7ca5ecb31a6b6cef430914749cde",
                "sha256:d13f31457f2216e5705304d9f28e2826edf75487410a57aa99263fa4ffd792c2",
                "sha256:d648aa85dd5074b1ed83008ae987c3fbb53d68af619fce1dee231f4d8bd40e2f",
                "sha256:da9c6b336e540def0b7fd65603da8abeb306c5fc9a5f4238665cbbb5ff95cf58",
                "sha256:e101bceeb9e65a90dadbc5ca31283403a2d4667b9c178db29109750568e8d112",
                "sha256:efdd3825d54c58df2cc394366ca4b9166cf940a0ebddeb87b6c10053deb625ea"
            ],
            "markers": "python_version < '3.10' and python_version >= '3.7'",
            "version": "==1.7.1"
        },
        "seaborn": {
            "hashes": [
                "sha256:44e78eaed937c5a87fc7a892c329a7cc091060b67ebd1d0d306b446a74ba01ad",
                "sha256:4e1cce9489449a1c6ff3c567f2113cdb41122f727e27a984950d004a88ef3c5c"
            ],
            "index": "pypi",
            "version": "==0.11.1"
        },
        "six": {
            "hashes": [
                "sha256:1e61c37477a1626458e36f7b1d82aa5c9b094fa4802892072e49de9c60c4c926",
                "sha256:8abb2f1d86890a2dfb989f9a77cfcfd3e47c2a354b01111771326f8aa26e0254"
            ],
            "markers": "python_version >= '2.7' and python_version not in '3.0, 3.1, 3.2, 3.3'",
            "version": "==1.16.0"
        },
        "urllib3": {
            "hashes": [
                "sha256:39fb8672126159acb139a7718dd10806104dec1e2f0f6c88aab05d17df10c8d4",
                "sha256:f57b4c16c62fa2760b7e3d97c35b255512fb6b59a259730f36ba32ce9f8e342f"
            ],
            "markers": "python_version >= '2.7' and python_version not in '3.0, 3.1, 3.2, 3.3, 3.4' and python_version < '4'",
            "version": "==1.26.6"
        }
    },
    "develop": {
        "appdirs": {
            "hashes": [
                "sha256:7d5d0167b2b1ba821647616af46a749d1c653740dd0d2415100fe26e27afdf41",
                "sha256:a841dacd6b99318a741b166adb07e19ee71a274450e68237b4650ca1055ab128"
            ],
            "version": "==1.4.4"
        },
        "attrs": {
            "hashes": [
                "sha256:149e90d6d8ac20db7a955ad60cf0e6881a3f20d37096140088356da6c716b0b1",
                "sha256:ef6aaac3ca6cd92904cdd0d83f629a15f18053ec84e6432106f7a4d04ae4f5fb"
            ],
            "markers": "python_version >= '2.7' and python_version not in '3.0, 3.1, 3.2, 3.3, 3.4'",
            "version": "==21.2.0"
        },
        "backports.entry-points-selectable": {
            "hashes": [
                "sha256:988468260ec1c196dab6ae1149260e2f5472c9110334e5d51adcb77867361f6a",
                "sha256:a6d9a871cde5e15b4c4a53e3d43ba890cc6861ec1332c9c2428c92f977192acc"
            ],
            "markers": "python_version >= '2.7'",
            "version": "==1.1.0"
        },
        "black": {
            "hashes": [
                "sha256:1c02557aa099101b9d21496f8a914e9ed2222ef70336404eeeac8edba836fbea"
            ],
            "index": "pypi",
            "version": "==20.8b1"
        },
        "cfgv": {
            "hashes": [
                "sha256:c6a0883f3917a037485059700b9e75da2464e6c27051014ad85ba6aaa5884426",
                "sha256:f5a830efb9ce7a445376bb66ec94c638a9787422f96264c98edc6bdeed8ab736"
            ],
            "markers": "python_full_version >= '3.6.1'",
            "version": "==3.3.1"
        },
        "click": {
            "hashes": [
                "sha256:8c04c11192119b1ef78ea049e0a6f0463e4c48ef00a30160c704337586f3ad7a",
                "sha256:fba402a4a47334742d782209a7c79bc448911afe1149d07bdabdf480b3e2f4b6"
            ],
            "markers": "python_version >= '3.6'",
            "version": "==8.0.1"
        },
        "devtools": {
            "hashes": [
                "sha256:7334183972a8d04e81d08b7f62126abca9b6f4de51d825c5fdcb9c88f252601a",
                "sha256:a054307594d35d28fae8df7629967363e851ae0ac7b2152640a8a401c39d42d7"
            ],
            "index": "pypi",
            "version": "==0.6.1"
        },
        "distlib": {
            "hashes": [
                "sha256:106fef6dc37dd8c0e2c0a60d3fca3e77460a48907f335fa28420463a6f799736",
                "sha256:23e223426b28491b1ced97dc3bbe183027419dfc7982b4fa2f05d5f3ff10711c"
            ],
            "version": "==0.3.2"
        },
        "filelock": {
            "hashes": [
                "sha256:18d82244ee114f543149c66a6e0c14e9c4f8a1044b5cdaadd0f82159d6a6ff59",
                "sha256:929b7d63ec5b7d6b71b0fa5ac14e030b3f70b75747cef1b10da9b879fef15836"
            ],
            "version": "==3.0.12"
        },
        "flake8": {
            "hashes": [
                "sha256:749dbbd6bfd0cf1318af27bf97a14e28e5ff548ef8e5b1566ccfb25a11e7c839",
                "sha256:aadae8761ec651813c24be05c6f7b4680857ef6afaae4651a4eccaef97ce6c3b"
            ],
            "index": "pypi",
            "version": "==3.8.4"
        },
        "identify": {
            "hashes": [
                "sha256:7199679b5be13a6b40e6e19ea473e789b11b4e3b60986499b1f589ffb03c217c",
                "sha256:7bc6e829392bd017236531963d2d937d66fc27cadc643ac0aba2ce9f26157c79"
            ],
            "markers": "python_full_version >= '3.6.1'",
            "version": "==2.2.13"
        },
        "importlib-metadata": {
            "hashes": [
                "sha256:b618b6d2d5ffa2f16add5697cf57a46c76a56229b0ed1c438322e4e95645bd15",
                "sha256:f284b3e11256ad1e5d03ab86bb2ccd6f5339688ff17a4d797a0fe7df326f23b1"
            ],
            "markers": "python_version < '3.8'",
            "version": "==4.8.1"
        },
        "iniconfig": {
            "hashes": [
                "sha256:011e24c64b7f47f6ebd835bb12a743f2fbe9a26d4cecaa7f53bc4f35ee9da8b3",
                "sha256:bc3af051d7d14b2ee5ef9969666def0cd1a000e121eaea580d4a313df4b37f32"
            ],
            "version": "==1.1.1"
        },
        "isort": {
            "hashes": [
                "sha256:c729845434366216d320e936b8ad6f9d681aab72dc7cbc2d51bedc3582f3ad1e",
                "sha256:fff4f0c04e1825522ce6949973e83110a6e907750cd92d128b0d14aaaadbffdc"
            ],
            "index": "pypi",
            "version": "==5.7.0"
        },
        "mccabe": {
            "hashes": [
                "sha256:ab8a6258860da4b6677da4bd2fe5dc2c659cff31b3ee4f7f5d64e79735b80d42",
                "sha256:dd8d182285a0fe56bace7f45b5e7d1a6ebcbf524e8f3bd87eb0f125271b8831f"
            ],
            "version": "==0.6.1"
        },
        "mypy": {
            "hashes": [
                "sha256:0d2fc8beb99cd88f2d7e20d69131353053fbecea17904ee6f0348759302c52fa",
                "sha256:2b216eacca0ec0ee124af9429bfd858d5619a0725ee5f88057e6e076f9eb1a7b",
                "sha256:319ee5c248a7c3f94477f92a729b7ab06bf8a6d04447ef3aa8c9ba2aa47c6dcf",
                "sha256:3e0c159a7853e3521e3f582adb1f3eac66d0b0639d434278e2867af3a8c62653",
                "sha256:5615785d3e2f4f03ab7697983d82c4b98af5c321614f51b8f1034eb9ebe48363",
                "sha256:5ff616787122774f510caeb7b980542a7cc2222be3f00837a304ea85cd56e488",
                "sha256:6f8425fecd2ba6007e526209bb985ce7f49ed0d2ac1cc1a44f243380a06a84fb",
                "sha256:74f5aa50d0866bc6fb8e213441c41e466c86678c800700b87b012ed11c0a13e0",
                "sha256:90b6f46dc2181d74f80617deca611925d7e63007cf416397358aa42efb593e07",
                "sha256:947126195bfe4709c360e89b40114c6746ae248f04d379dca6f6ab677aa07641",
                "sha256:a301da58d566aca05f8f449403c710c50a9860782148332322decf73a603280b",
                "sha256:aa9d4901f3ee1a986a3a79fe079ffbf7f999478c281376f48faa31daaa814e86",
                "sha256:b9150db14a48a8fa114189bfe49baccdff89da8c6639c2717750c7ae62316738",
                "sha256:b95068a3ce3b50332c40e31a955653be245666a4bc7819d3c8898aa9fb9ea496",
                "sha256:ca7ad5aed210841f1e77f5f2f7d725b62c78fa77519312042c719ed2ab937876",
                "sha256:d16c54b0dffb861dc6318a8730952265876d90c5101085a4bc56913e8521ba19",
                "sha256:e0202e37756ed09daf4b0ba64ad2c245d357659e014c3f51d8cd0681ba66940a",
                "sha256:e1c84c65ff6d69fb42958ece5b1255394714e0aac4df5ffe151bc4fe19c7600a",
                "sha256:e32b7b282c4ed4e378bba8b8dfa08e1cfa6f6574067ef22f86bee5b1039de0c9",
                "sha256:e3b8432f8df19e3c11235c4563a7250666dc9aa7cdda58d21b4177b20256ca9f",
                "sha256:e497a544391f733eca922fdcb326d19e894789cd4ff61d48b4b195776476c5cf",
                "sha256:f5fdf935a46aa20aa937f2478480ebf4be9186e98e49cc3843af9a5795a49a25"
            ],
            "index": "pypi",
            "version": "==0.800"
        },
        "mypy-extensions": {
            "hashes": [
                "sha256:090fedd75945a69ae91ce1303b5824f428daf5a028d2f6ab8a299250a846f15d",
                "sha256:2d82818f5bb3e369420cb3c4060a7970edba416647068eb4c5343488a6c604a8"
            ],
            "version": "==0.4.3"
        },
        "nodeenv": {
            "hashes": [
                "sha256:3ef13ff90291ba2a4a7a4ff9a979b63ffdd00a464dbe04acf0ea6471517a4c2b",
                "sha256:621e6b7076565ddcacd2db0294c0381e01fd28945ab36bcf00f41c5daf63bef7"
            ],
            "version": "==1.6.0"
        },
        "packaging": {
            "hashes": [
                "sha256:7dc96269f53a4ccec5c0670940a4281106dd0bb343f47b7471f779df49c2fbe7",
                "sha256:c86254f9220d55e31cc94d69bade760f0847da8000def4dfe1c6b872fd14ff14"
            ],
            "markers": "python_version >= '3.6'",
            "version": "==21.0"
        },
        "pathspec": {
            "hashes": [
                "sha256:7d15c4ddb0b5c802d161efc417ec1a2558ea2653c2e8ad9c19098201dc1c993a",
                "sha256:e564499435a2673d586f6b2130bb5b95f04a3ba06f81b8f895b651a3c76aabb1"
            ],
            "version": "==0.9.0"
        },
        "platformdirs": {
            "hashes": [
                "sha256:15b056538719b1c94bdaccb29e5f81879c7f7f0f4a153f46086d155dffcd4f0f",
                "sha256:8003ac87717ae2c7ee1ea5a84a1a61e87f3fbd16eb5aadba194ea30a9019f648"
            ],
            "markers": "python_version >= '3.6'",
            "version": "==2.3.0"
        },
        "pluggy": {
            "hashes": [
                "sha256:265a94bf44ca13662f12fcd1b074c14d4b269a712f051b6f644ef7e705d6735f",
                "sha256:467f0219e89bb5061a8429c6fc5cf055fa3983a0e68e84a1d205046306b37d9e"
            ],
            "markers": "python_version >= '2.7' and python_version not in '3.0, 3.1, 3.2, 3.3'",
            "version": "==1.0.0.dev0"
        },
        "pre-commit": {
            "hashes": [
                "sha256:16212d1fde2bed88159287da88ff03796863854b04dc9f838a55979325a3d20e",
                "sha256:399baf78f13f4de82a29b649afd74bef2c4e28eb4f021661fc7f29246e8c7a3a"
            ],
            "index": "pypi",
            "version": "==2.10.1"
        },
        "py": {
            "hashes": [
                "sha256:21b81bda15b66ef5e1a777a21c4dcd9c20ad3efd0b3f817e7a809035269e1bd3",
                "sha256:3b80836aa6d1feeaa108e046da6423ab8f6ceda6468545ae8d02d9d58d18818a"
            ],
            "markers": "python_version >= '2.7' and python_version not in '3.0, 3.1, 3.2, 3.3'",
            "version": "==1.10.0"
        },
        "pycodestyle": {
            "hashes": [
                "sha256:2295e7b2f6b5bd100585ebcb1f616591b652db8a741695b3d8f5d28bdc934367",
                "sha256:c58a7d2815e0e8d7972bf1803331fb0152f867bd89adf8a01dfd55085434192e"
            ],
            "markers": "python_version >= '2.7' and python_version not in '3.0, 3.1, 3.2, 3.3'",
            "version": "==2.6.0"
        },
        "pyflakes": {
            "hashes": [
                "sha256:0d94e0e05a19e57a99444b6ddcf9a6eb2e5c68d3ca1e98e90707af8152c90a92",
                "sha256:35b2d75ee967ea93b55750aa9edbbf72813e06a66ba54438df2cfac9e3c27fc8"
            ],
            "markers": "python_version >= '2.7' and python_version not in '3.0, 3.1, 3.2, 3.3'",
            "version": "==2.2.0"
        },
        "pyparsing": {
            "hashes": [
                "sha256:10f1886e70da7b76ca1b4cf9bbd60f708ef037892496d5cb7c77ab2982412b2d",
                "sha256:e96a96967098a5221a78bf94d72930cd1cfaf0ab88dae2ea6bfc2b8b8ccb1930"
            ],
            "markers": "python_version >= '3.5'",
            "version": "==3.0.0b3"
        },
        "pytest": {
            "hashes": [
                "sha256:9d1edf9e7d0b84d72ea3dbcdfd22b35fb543a5e8f2a60092dd578936bf63d7f9",
                "sha256:b574b57423e818210672e07ca1fa90aaf194a4f63f3ab909a2c67ebb22913839"
            ],
            "index": "pypi",
            "version": "==6.2.2"
        },
        "pyyaml": {
            "hashes": [
                "sha256:08682f6b72c722394747bddaf0aa62277e02557c0fd1c42cb853016a38f8dedf",
                "sha256:0f5f5786c0e09baddcd8b4b45f20a7b5d61a7e7e99846e3c799b05c7c53fa696",
                "sha256:129def1b7c1bf22faffd67b8f3724645203b79d8f4cc81f674654d9902cb4393",
                "sha256:294db365efa064d00b8d1ef65d8ea2c3426ac366c0c4368d930bf1c5fb497f77",
                "sha256:3b2b1824fe7112845700f815ff6a489360226a5609b96ec2190a45e62a9fc922",
                "sha256:3bd0e463264cf257d1ffd2e40223b197271046d09dadf73a0fe82b9c1fc385a5",
                "sha256:4465124ef1b18d9ace298060f4eccc64b0850899ac4ac53294547536533800c8",
                "sha256:49d4cdd9065b9b6e206d0595fee27a96b5dd22618e7520c33204a4a3239d5b10",
                "sha256:4e0583d24c881e14342eaf4ec5fbc97f934b999a6828693a99157fde912540cc",
                "sha256:5accb17103e43963b80e6f837831f38d314a0495500067cb25afab2e8d7a4018",
                "sha256:607774cbba28732bfa802b54baa7484215f530991055bb562efbed5b2f20a45e",
                "sha256:6c78645d400265a062508ae399b60b8c167bf003db364ecb26dcab2bda048253",
                "sha256:72a01f726a9c7851ca9bfad6fd09ca4e090a023c00945ea05ba1638c09dc3347",
                "sha256:74c1485f7707cf707a7aef42ef6322b8f97921bd89be2ab6317fd782c2d53183",
                "sha256:895f61ef02e8fed38159bb70f7e100e00f471eae2bc838cd0f4ebb21e28f8541",
                "sha256:8c1be557ee92a20f184922c7b6424e8ab6691788e6d86137c5d93c1a6ec1b8fb",
                "sha256:bb4191dfc9306777bc594117aee052446b3fa88737cd13b7188d0e7aa8162185",
                "sha256:bfb51918d4ff3d77c1c856a9699f8492c612cde32fd3bcd344af9be34999bfdc",
                "sha256:c20cfa2d49991c8b4147af39859b167664f2ad4561704ee74c1de03318e898db",
                "sha256:cb333c16912324fd5f769fff6bc5de372e9e7a202247b48870bc251ed40239aa",
                "sha256:d2d9808ea7b4af864f35ea216be506ecec180628aced0704e34aca0b040ffe46",
                "sha256:d483ad4e639292c90170eb6f7783ad19490e7a8defb3e46f97dfe4bacae89122",
                "sha256:dd5de0646207f053eb0d6c74ae45ba98c3395a571a2891858e87df7c9b9bd51b",
                "sha256:e1d4970ea66be07ae37a3c2e48b5ec63f7ba6804bdddfdbd3cfd954d25a82e63",
                "sha256:e4fac90784481d221a8e4b1162afa7c47ed953be40d31ab4629ae917510051df",
                "sha256:fa5ae20527d8e831e8230cbffd9f8fe952815b2b7dae6ffec25318803a7528fc",
                "sha256:fd7f6999a8070df521b6384004ef42833b9bd62cfee11a09bda1079b4b704247",
                "sha256:fdc842473cd33f45ff6bce46aea678a54e3d21f1b61a7750ce3c498eedfe25d6",
                "sha256:fe69978f3f768926cfa37b867e3843918e012cf83f680806599ddce33c2c68b0"
            ],
            "markers": "python_version >= '2.7' and python_version not in '3.0, 3.1, 3.2, 3.3, 3.4, 3.5'",
            "version": "==5.4.1"
        },
        "regex": {
            "hashes": [
                "sha256:04f6b9749e335bb0d2f68c707f23bb1773c3fb6ecd10edf0f04df12a8920d468",
                "sha256:08d74bfaa4c7731b8dac0a992c63673a2782758f7cfad34cf9c1b9184f911354",
                "sha256:0fc1f8f06977c2d4f5e3d3f0d4a08089be783973fc6b6e278bde01f0544ff308",
                "sha256:121f4b3185feaade3f85f70294aef3f777199e9b5c0c0245c774ae884b110a2d",
                "sha256:1413b5022ed6ac0d504ba425ef02549a57d0f4276de58e3ab7e82437892704fc",
                "sha256:1743345e30917e8c574f273f51679c294effba6ad372db1967852f12c76759d8",
                "sha256:28fc475f560d8f67cc8767b94db4c9440210f6958495aeae70fac8faec631797",
                "sha256:31a99a4796bf5aefc8351e98507b09e1b09115574f7c9dbb9cf2111f7220d2e2",
                "sha256:328a1fad67445550b982caa2a2a850da5989fd6595e858f02d04636e7f8b0b13",
                "sha256:473858730ef6d6ff7f7d5f19452184cd0caa062a20047f6d6f3e135a4648865d",
                "sha256:4cde065ab33bcaab774d84096fae266d9301d1a2f5519d7bd58fc55274afbf7a",
                "sha256:5f6a808044faae658f546dd5f525e921de9fa409de7a5570865467f03a626fc0",
                "sha256:610b690b406653c84b7cb6091facb3033500ee81089867ee7d59e675f9ca2b73",
                "sha256:66256b6391c057305e5ae9209941ef63c33a476b73772ca967d4a2df70520ec1",
                "sha256:6eebf512aa90751d5ef6a7c2ac9d60113f32e86e5687326a50d7686e309f66ed",
                "sha256:79aef6b5cd41feff359acaf98e040844613ff5298d0d19c455b3d9ae0bc8c35a",
                "sha256:808ee5834e06f57978da3e003ad9d6292de69d2bf6263662a1a8ae30788e080b",
                "sha256:8e44769068d33e0ea6ccdf4b84d80c5afffe5207aa4d1881a629cf0ef3ec398f",
                "sha256:999ad08220467b6ad4bd3dd34e65329dd5d0df9b31e47106105e407954965256",
                "sha256:9b006628fe43aa69259ec04ca258d88ed19b64791693df59c422b607b6ece8bb",
                "sha256:9d05ad5367c90814099000442b2125535e9d77581855b9bee8780f1b41f2b1a2",
                "sha256:a577a21de2ef8059b58f79ff76a4da81c45a75fe0bfb09bc8b7bb4293fa18983",
                "sha256:a617593aeacc7a691cc4af4a4410031654f2909053bd8c8e7db837f179a630eb",
                "sha256:abb48494d88e8a82601af905143e0de838c776c1241d92021e9256d5515b3645",
                "sha256:ac88856a8cbccfc14f1b2d0b829af354cc1743cb375e7f04251ae73b2af6adf8",
                "sha256:b4c220a1fe0d2c622493b0a1fd48f8f991998fb447d3cd368033a4b86cf1127a",
                "sha256:b844fb09bd9936ed158ff9df0ab601e2045b316b17aa8b931857365ea8586906",
                "sha256:bdc178caebd0f338d57ae445ef8e9b737ddf8fbc3ea187603f65aec5b041248f",
                "sha256:c206587c83e795d417ed3adc8453a791f6d36b67c81416676cad053b4104152c",
                "sha256:c61dcc1cf9fd165127a2853e2c31eb4fb961a4f26b394ac9fe5669c7a6592892",
                "sha256:c7cb4c512d2d3b0870e00fbbac2f291d4b4bf2634d59a31176a87afe2777c6f0",
                "sha256:d4a332404baa6665b54e5d283b4262f41f2103c255897084ec8f5487ce7b9e8e",
                "sha256:d5111d4c843d80202e62b4fdbb4920db1dcee4f9366d6b03294f45ed7b18b42e",
                "sha256:e1e8406b895aba6caa63d9fd1b6b1700d7e4825f78ccb1e5260551d168db38ed",
                "sha256:e8690ed94481f219a7a967c118abaf71ccc440f69acd583cab721b90eeedb77c",
                "sha256:ed283ab3a01d8b53de3a05bfdf4473ae24e43caee7dcb5584e86f3f3e5ab4374",
                "sha256:ed4b50355b066796dacdd1cf538f2ce57275d001838f9b132fab80b75e8c84dd",
                "sha256:ee329d0387b5b41a5dddbb6243a21cb7896587a651bebb957e2d2bb8b63c0791",
                "sha256:f3bf1bc02bc421047bfec3343729c4bbbea42605bcfd6d6bfe2c07ade8b12d2a",
                "sha256:f585cbbeecb35f35609edccb95efd95a3e35824cd7752b586503f7e6087303f1",
                "sha256:f60667673ff9c249709160529ab39667d1ae9fd38634e006bec95611f632e759"
            ],
            "version": "==2021.8.28"
        },
        "six": {
            "hashes": [
                "sha256:1e61c37477a1626458e36f7b1d82aa5c9b094fa4802892072e49de9c60c4c926",
                "sha256:8abb2f1d86890a2dfb989f9a77cfcfd3e47c2a354b01111771326f8aa26e0254"
            ],
            "markers": "python_version >= '2.7' and python_version not in '3.0, 3.1, 3.2, 3.3'",
            "version": "==1.16.0"
        },
        "toml": {
            "hashes": [
                "sha256:806143ae5bfb6a3c6e736a764057db0e6a0e05e338b5630894a5f779cabb4f9b",
                "sha256:b3bda1d108d5dd99f4a20d24d9c348e91c4db7ab1b749200bded2f839ccbe68f"
            ],
            "markers": "python_version >= '2.6' and python_version not in '3.0, 3.1, 3.2, 3.3'",
            "version": "==0.10.2"
        },
        "typed-ast": {
            "hashes": [
                "sha256:01ae5f73431d21eead5015997ab41afa53aa1fbe252f9da060be5dad2c730ace",
                "sha256:067a74454df670dcaa4e59349a2e5c81e567d8d65458d480a5b3dfecec08c5ff",
                "sha256:0fb71b8c643187d7492c1f8352f2c15b4c4af3f6338f21681d3681b3dc31a266",
                "sha256:1b3ead4a96c9101bef08f9f7d1217c096f31667617b58de957f690c92378b528",
                "sha256:2068531575a125b87a41802130fa7e29f26c09a2833fea68d9a40cf33902eba6",
                "sha256:209596a4ec71d990d71d5e0d312ac935d86930e6eecff6ccc7007fe54d703808",
                "sha256:2c726c276d09fc5c414693a2de063f521052d9ea7c240ce553316f70656c84d4",
                "sha256:398e44cd480f4d2b7ee8d98385ca104e35c81525dd98c519acff1b79bdaac363",
                "sha256:52b1eb8c83f178ab787f3a4283f68258525f8d70f778a2f6dd54d3b5e5fb4341",
                "sha256:5feca99c17af94057417d744607b82dd0a664fd5e4ca98061480fd8b14b18d04",
                "sha256:7538e495704e2ccda9b234b82423a4038f324f3a10c43bc088a1636180f11a41",
                "sha256:760ad187b1041a154f0e4d0f6aae3e40fdb51d6de16e5c99aedadd9246450e9e",
                "sha256:777a26c84bea6cd934422ac2e3b78863a37017618b6e5c08f92ef69853e765d3",
                "sha256:95431a26309a21874005845c21118c83991c63ea800dd44843e42a916aec5899",
                "sha256:9ad2c92ec681e02baf81fdfa056fe0d818645efa9af1f1cd5fd6f1bd2bdfd805",
                "sha256:9c6d1a54552b5330bc657b7ef0eae25d00ba7ffe85d9ea8ae6540d2197a3788c",
                "sha256:aee0c1256be6c07bd3e1263ff920c325b59849dc95392a05f258bb9b259cf39c",
                "sha256:af3d4a73793725138d6b334d9d247ce7e5f084d96284ed23f22ee626a7b88e39",
                "sha256:b36b4f3920103a25e1d5d024d155c504080959582b928e91cb608a65c3a49e1a",
                "sha256:b9574c6f03f685070d859e75c7f9eeca02d6933273b5e69572e5ff9d5e3931c3",
                "sha256:bff6ad71c81b3bba8fa35f0f1921fb24ff4476235a6e94a26ada2e54370e6da7",
                "sha256:c190f0899e9f9f8b6b7863debfb739abcb21a5c054f911ca3596d12b8a4c4c7f",
                "sha256:c907f561b1e83e93fad565bac5ba9c22d96a54e7ea0267c708bffe863cbe4075",
                "sha256:cae53c389825d3b46fb37538441f75d6aecc4174f615d048321b716df2757fb0",
                "sha256:dd4a21253f42b8d2b48410cb31fe501d32f8b9fbeb1f55063ad102fe9c425e40",
                "sha256:dde816ca9dac1d9c01dd504ea5967821606f02e510438120091b84e852367428",
                "sha256:f2362f3cb0f3172c42938946dbc5b7843c2a28aec307c49100c8b38764eb6927",
                "sha256:f328adcfebed9f11301eaedfa48e15bdece9b519fb27e6a8c01aa52a17ec31b3",
                "sha256:f8afcf15cc511ada719a88e013cec87c11aff7b91f019295eb4530f96fe5ef2f",
                "sha256:fb1bbeac803adea29cedd70781399c99138358c26d05fcbd23c13016b7f5ec65"
            ],
            "version": "==1.4.3"
        },
        "typing-extensions": {
            "hashes": [
                "sha256:49f75d16ff11f1cd258e1b988ccff82a3ca5570217d7ad8c5f48205dd99a677e",
                "sha256:d8226d10bc02a29bcc81df19a26e56a9647f8b0a6d4a83924139f4a8b01f17b7",
                "sha256:f1d25edafde516b146ecd0613dabcc61409817af4766fbbcfb8d1ad4ec441a34"
            ],
            "markers": "python_version < '3.8'",
            "version": "==3.10.0.2"
        },
        "virtualenv": {
            "hashes": [
                "sha256:9ef4e8ee4710826e98ff3075c9a4739e2cb1040de6a2a8d35db0055840dc96a0",
                "sha256:e4670891b3a03eb071748c569a87cceaefbf643c5bac46d996c5a45c34aa0f06"
            ],
            "markers": "python_version >= '2.7' and python_version not in '3.0, 3.1, 3.2, 3.3, 3.4'",
            "version": "==20.7.2"
        },
        "zipp": {
            "hashes": [
                "sha256:957cfda87797e389580cb8b9e3870841ca991e2125350677b2ca83a0e99390a3",
                "sha256:f5812b1e007e48cff63449a5e9f4e7ebea716b4111f9c4f9a645f91d579bf0c4"
            ],
            "markers": "python_version >= '3.6'",
            "version": "==3.5.0"
        }
    }
}
